apache2=2.4.66-1~deb12u1
build-essential=12.9
ca-certificates=20230311+deb12u1
cpanminus=1.7046-1
curl=7.88.1-10+deb12u14
graphviz=2.42.2-7+deb12u1
imagemagick=8:6.9.11.60+dfsg-1.6+deb12u7
libapache2-mod-perl2=2.0.12-1+b2
libappconfig-perl=1.71-2.2
libcgi-pm-perl=4.55-1
libdate-calc-perl=6.4-2
libdbd-mysql-perl=4.050-5+b1
libdbd-pg-perl=3.16.0-2
libdbd-sqlite3-perl=1.72-1
libdbi-perl=1.643-4
libdbix-connector-perl=0.58-1
libdigest-sha-perl=6.04-1
libexpat1-dev=2.5.0-1+deb12u2
libgd-dev=2.3.3-9
libhtml-parser-perl=3.81-1
libicu-dev=72.1-3+deb12u1
libmime-tools-perl=5.510-1
libmodule-build-perl=0.423200-1
libsqlite3-dev=3.40.1-2+deb12u2
libssl-dev=3.0.18-1~deb12u2
libtimedate-perl=2.3300-2
liburi-perl=5.17-1
libwww-perl=6.68-1
libxml-parser-perl=2.46-4
make=4.3-4.1
netcat-openbsd=1.219-1
patchutils=0.4.2-1
perl=5.36.0-7+deb12u3
perlmagick=8:6.9.11.60+dfsg-1.6+deb12u7
procps=2:4.0.2-3
shared-mime-info=2.2-1
sqlite3=3.40.1-2+deb12u2
tini=0.19.0-1+b3
zlib1g-dev=1:1.2.13.dfsg-1
