Authen::Radius@0.33
Cache::Memcached@1.30
Daemon::Generic@0.85
Email::Address::XS@1.05
Email::MIME@1.954
Email::Reply@1.204
Email::Sender@2.601
Encode::Detect@1.01
File::Copy::Recursive@0.45
File::MimeInfo::Magic@0.36
File::Which@1.27
GD::Text@0.86
HTML::FormatText::WithLinks@0.15
HTML::Scrubber@0.19
IO::Scalar@2.113
JSON::RPC@1.06
JSON::XS@4.04
List::MoreUtils@0.430
Math::Random::ISAAC@1.004
Moo@2.005005
Net::SMTP::SSL@1.04
PatchReader@0.9.6
Template@3.102
Template::Plugin::GD::Image@1.56
TheSchwartz@1.18
XMLRPC::Lite@0.717
